// !$*UTF8*$!
{
	archiveVersion = 1;
	classes = {
	};
	objectVersion = 46;
	objects = {

/* Begin PBXBuildFile section */
		88C9BE5B1CB705AF0064383A /* main.m in Sources */ = {isa = PBXBuildFile; fileRef = 88C9BE5A1CB705AF0064383A /* main.m */; };
		88C9BE5E1CB705AF0064383A /* AppDelegate.m in Sources */ = {isa = PBXBuildFile; fileRef = 88C9BE5D1CB705AF0064383A /* AppDelegate.m */; };
		88C9BE611CB705AF0064383A /* ViewController.m in Sources */ = {isa = PBXBuildFile; fileRef = 88C9BE601CB705AF0064383A /* ViewController.m */; };
		88C9BE661CB705AF0064383A /* Assets.xcassets in Resources */ = {isa = PBXBuildFile; fileRef = 88C9BE651CB705AF0064383A /* Assets.xcassets */; };
		88C9BE691CB705AF0064383A /* LaunchScreen.storyboard in Resources */ = {isa = PBXBuildFile; fileRef = 88C9BE671CB705AF0064383A /* LaunchScreen.storyboard */; };
		88C9BE741CB705AF0064383A /* Vesstack2_0Tests.m in Sources */ = {isa = PBXBuildFile; fileRef = 88C9BE731CB705AF0064383A /* Vesstack2_0Tests.m */; };
		88C9BE7F1CB705AF0064383A /* Vesstack2_0UITests.m in Sources */ = {isa = PBXBuildFile; fileRef = 88C9BE7E1CB705AF0064383A /* Vesstack2_0UITests.m */; };
		88C9BE8E1CB707800064383A /* MainTabBarController.m in Sources */ = {isa = PBXBuildFile; fileRef = 88C9BE8D1CB707800064383A /* MainTabBarController.m */; };
		88C9BE911CB707C40064383A /* FirstViewController.m in Sources */ = {isa = PBXBuildFile; fileRef = 88C9BE901CB707C40064383A /* FirstViewController.m */; };
		88C9BE941CB707DD0064383A /* SecondViewController.m in Sources */ = {isa = PBXBuildFile; fileRef = 88C9BE931CB707DD0064383A /* SecondViewController.m */; };
		88C9BE971CB707EF0064383A /* ThirdViewController.m in Sources */ = {isa = PBXBuildFile; fileRef = 88C9BE961CB707EF0064383A /* ThirdViewController.m */; };
		88C9BE9A1CB708090064383A /* FourViewController.m in Sources */ = {isa = PBXBuildFile; fileRef = 88C9BE991CB708090064383A /* FourViewController.m */; };
		88C9BEA01CB708280064383A /* commentary_num_bg.png in Resources */ = {isa = PBXBuildFile; fileRef = 88C9BE9B1CB708280064383A /* commentary_num_bg.png */; };
		88C9BEA11CB708280064383A /* tab_home_icon.png in Resources */ = {isa = PBXBuildFile; fileRef = 88C9BE9C1CB708280064383A /* tab_home_icon.png */; };
		88C9BEA21CB708280064383A /* js.png in Resources */ = {isa = PBXBuildFile; fileRef = 88C9BE9D1CB708280064383A /* js.png */; };
		88C9BEA31CB708280064383A /* qw.png in Resources */ = {isa = PBXBuildFile; fileRef = 88C9BE9E1CB708280064383A /* qw.png */; };
		88C9BEA41CB708280064383A /* user.png in Resources */ = {isa = PBXBuildFile; fileRef = 88C9BE9F1CB708280064383A /* user.png */; };
		88C9BEA71CB76D3C0064383A /* LeftMenuViewController.m in Sources */ = {isa = PBXBuildFile; fileRef = 88C9BEA61CB76D3C0064383A /* LeftMenuViewController.m */; };
		88C9BEAA1CB770DB0064383A /* Images.xcassets in Resources */ = {isa = PBXBuildFile; fileRef = 88C9BEA91CB770DB0064383A /* Images.xcassets */; };
		88C9BEB11CB78D4C0064383A /* HomeViewController.m in Sources */ = {isa = PBXBuildFile; fileRef = 88C9BEB01CB78D4C0064383A /* HomeViewController.m */; };
/* End PBXBuildFile section */

/* Begin PBXContainerItemProxy section */
		88C9BE701CB705AF0064383A /* PBXContainerItemProxy */ = {
			isa = PBXContainerItemProxy;
			containerPortal = 88C9BE4E1CB705AF0064383A /* Project object */;
			proxyType = 1;
			remoteGlobalIDString = 88C9BE551CB705AF0064383A;
			remoteInfo = Vesstack2.0;
		};
		88C9BE7B1CB705AF0064383A /* PBXContainerItemProxy */ = {
			isa = PBXContainerItemProxy;
			containerPortal = 88C9BE4E1CB705AF0064383A /* Project object */;
			proxyType = 1;
			remoteGlobalIDString = 88C9BE551CB705AF0064383A;
			remoteInfo = Vesstack2.0;
		};
/* End PBXContainerItemProxy section */

/* Begin PBXFileReference section */
		88C9BE561CB705AF0064383A /* Vesstack2.0.app */ = {isa = PBXFileReference; explicitFileType = wrapper.application; includeInIndex = 0; path = Vesstack2.0.app; sourceTree = BUILT_PRODUCTS_DIR; };
		88C9BE5A1CB705AF0064383A /* main.m */ = {isa = PBXFileReference; lastKnownFileType = sourcecode.c.objc; path = main.m; sourceTree = "<group>"; };
		88C9BE5C1CB705AF0064383A /* AppDelegate.h */ = {isa = PBXFileReference; lastKnownFileType = sourcecode.c.h; path = AppDelegate.h; sourceTree = "<group>"; };
		88C9BE5D1CB705AF0064383A /* AppDelegate.m */ = {isa = PBXFileReference; lastKnownFileType = sourcecode.c.objc; path = AppDelegate.m; sourceTree = "<group>"; };
		88C9BE5F1CB705AF0064383A /* ViewController.h */ = {isa = PBXFileReference; lastKnownFileType = sourcecode.c.h; path = ViewController.h; sourceTree = "<group>"; };
		88C9BE601CB705AF0064383A /* ViewController.m */ = {isa = PBXFileReference; lastKnownFileType = sourcecode.c.objc; path = ViewController.m; sourceTree = "<group>"; };
		88C9BE651CB705AF0064383A /* Assets.xcassets */ = {isa = PBXFileReference; lastKnownFileType = folder.assetcatalog; path = Assets.xcassets; sourceTree = "<group>"; };
		88C9BE681CB705AF0064383A /* Base */ = {isa = PBXFileReference; lastKnownFileType = file.storyboard; name = Base; path = Base.lproj/LaunchScreen.storyboard; sourceTree = "<group>"; };
		88C9BE6A1CB705AF0064383A /* Info.plist */ = {isa = PBXFileReference; lastKnownFileType = text.plist.xml; path = Info.plist; sourceTree = "<group>"; };
		88C9BE6F1CB705AF0064383A /* Vesstack2.0Tests.xctest */ = {isa = PBXFileReference; explicitFileType = wrapper.cfbundle; includeInIndex = 0; path = Vesstack2.0Tests.xctest; sourceTree = BUILT_PRODUCTS_DIR; };
		88C9BE731CB705AF0064383A /* Vesstack2_0Tests.m */ = {isa = PBXFileReference; lastKnownFileType = sourcecode.c.objc; path = Vesstack2_0Tests.m; sourceTree = "<group>"; };
		88C9BE751CB705AF0064383A /* Info.plist */ = {isa = PBXFileReference; lastKnownFileType = text.plist.xml; path = Info.plist; sourceTree = "<group>"; };
		88C9BE7A1CB705AF0064383A /* Vesstack2.0UITests.xctest */ = {isa = PBXFileReference; explicitFileType = wrapper.cfbundle; includeInIndex = 0; path = Vesstack2.0UITests.xctest; sourceTree = BUILT_PRODUCTS_DIR; };
		88C9BE7E1CB705AF0064383A /* Vesstack2_0UITests.m */ = {isa = PBXFileReference; lastKnownFileType = sourcecode.c.objc; path = Vesstack2_0UITests.m; sourceTree = "<group>"; };
		88C9BE801CB705AF0064383A /* Info.plist */ = {isa = PBXFileReference; lastKnownFileType = text.plist.xml; path = Info.plist; sourceTree = "<group>"; };
		88C9BE8C1CB707800064383A /* MainTabBarController.h */ = {isa = PBXFileReference; fileEncoding = 4; lastKnownFileType = sourcecode.c.h; path = MainTabBarController.h; sourceTree = "<group>"; };
		88C9BE8D1CB707800064383A /* MainTabBarController.m */ = {isa = PBXFileReference; fileEncoding = 4; lastKnownFileType = sourcecode.c.objc; path = MainTabBarController.m; sourceTree = "<group>"; };
		88C9BE8F1CB707C40064383A /* FirstViewController.h */ = {isa = PBXFileReference; fileEncoding = 4; lastKnownFileType = sourcecode.c.h; path = FirstViewController.h; sourceTree = "<group>"; };
		88C9BE901CB707C40064383A /* FirstViewController.m */ = {isa = PBXFileReference; fileEncoding = 4; lastKnownFileType = sourcecode.c.objc; path = FirstViewController.m; sourceTree = "<group>"; };
		88C9BE921CB707DD0064383A /* SecondViewController.h */ = {isa = PBXFileReference; fileEncoding = 4; lastKnownFileType = sourcecode.c.h; path = SecondViewController.h; sourceTree = "<group>"; };
		88C9BE931CB707DD0064383A /* SecondViewController.m */ = {isa = PBXFileReference; fileEncoding = 4; lastKnownFileType = sourcecode.c.objc; path = SecondViewController.m; sourceTree = "<group>"; };
		88C9BE951CB707EF0064383A /* ThirdViewController.h */ = {isa = PBXFileReference; fileEncoding = 4; lastKnownFileType = sourcecode.c.h; path = ThirdViewController.h; sourceTree = "<group>"; };
		88C9BE961CB707EF0064383A /* ThirdViewController.m */ = {isa = PBXFileReference; fileEncoding = 4; lastKnownFileType = sourcecode.c.objc; path = ThirdViewController.m; sourceTree = "<group>"; };
		88C9BE981CB708090064383A /* FourViewController.h */ = {isa = PBXFileReference; fileEncoding = 4; lastKnownFileType = sourcecode.c.h; path = FourViewController.h; sourceTree = "<group>"; };
		88C9BE991CB708090064383A /* FourViewController.m */ = {isa = PBXFileReference; fileEncoding = 4; lastKnownFileType = sourcecode.c.objc; path = FourViewController.m; sourceTree = "<group>"; };
		88C9BE9B1CB708280064383A /* commentary_num_bg.png */ = {isa = PBXFileReference; lastKnownFileType = image.png; path = commentary_num_bg.png; sourceTree = "<group>"; };
		88C9BE9C1CB708280064383A /* tab_home_icon.png */ = {isa = PBXFileReference; lastKnownFileType = image.png; path = tab_home_icon.png; sourceTree = "<group>"; };
		88C9BE9D1CB708280064383A /* js.png */ = {isa = PBXFileReference; lastKnownFileType = image.png; path = js.png; sourceTree = "<group>"; };
		88C9BE9E1CB708280064383A /* qw.png */ = {isa = PBXFileReference; lastKnownFileType = image.png; path = qw.png; sourceTree = "<group>"; };
		88C9BE9F1CB708280064383A /* user.png */ = {isa = PBXFileReference; lastKnownFileType = image.png; path = user.png; sourceTree = "<group>"; };
		88C9BEA51CB76D3C0064383A /* LeftMenuViewController.h */ = {isa = PBXFileReference; fileEncoding = 4; lastKnownFileType = sourcecode.c.h; path = LeftMenuViewController.h; sourceTree = "<group>"; };
		88C9BEA61CB76D3C0064383A /* LeftMenuViewController.m */ = {isa = PBXFileReference; fileEncoding = 4; lastKnownFileType = sourcecode.c.objc; path = LeftMenuViewController.m; sourceTree = "<group>"; };
		88C9BEA91CB770DB0064383A /* Images.xcassets */ = {isa = PBXFileReference; lastKnownFileType = folder.assetcatalog; path = Images.xcassets; sourceTree = "<group>"; };
		88C9BEAF1CB78D4C0064383A /* HomeViewController.h */ = {isa = PBXFileReference; fileEncoding = 4; lastKnownFileType = sourcecode.c.h; path = HomeViewController.h; sourceTree = "<group>"; };
		88C9BEB01CB78D4C0064383A /* HomeViewController.m */ = {isa = PBXFileReference; fileEncoding = 4; lastKnownFileType = sourcecode.c.objc; path = HomeViewController.m; sourceTree = "<group>"; };
/* End PBXFileReference section */

/* Begin PBXFrameworksBuildPhase section */
		88C9BE531CB705AF0064383A /* Frameworks */ = {
			isa = PBXFrameworksBuildPhase;
			buildActionMask = 2147483647;
			files = (
			);
			runOnlyForDeploymentPostprocessing = 0;
		};
		88C9BE6C1CB705AF0064383A /* Frameworks */ = {
			isa = PBXFrameworksBuildPhase;
			buildActionMask = 2147483647;
			files = (
			);
			runOnlyForDeploymentPostprocessing = 0;
		};
		88C9BE771CB705AF0064383A /* Frameworks */ = {
			isa = PBXFrameworksBuildPhase;
			buildActionMask = 2147483647;
			files = (
			);
			runOnlyForDeploymentPostprocessing = 0;
		};
/* End PBXFrameworksBuildPhase section */

/* Begin PBXGroup section */
		88C9BE4D1CB705AF0064383A = {
			isa = PBXGroup;
			children = (
				88C9BE581CB705AF0064383A /* Vesstack2.0 */,
				88C9BE721CB705AF0064383A /* Vesstack2.0Tests */,
				88C9BE7D1CB705AF0064383A /* Vesstack2.0UITests */,
				88C9BE571CB705AF0064383A /* Products */,
			);
			sourceTree = "<group>";
		};
		88C9BE571CB705AF0064383A /* Products */ = {
			isa = PBXGroup;
			children = (
				88C9BE561CB705AF0064383A /* Vesstack2.0.app */,
				88C9BE6F1CB705AF0064383A /* Vesstack2.0Tests.xctest */,
				88C9BE7A1CB705AF0064383A /* Vesstack2.0UITests.xctest */,
			);
			name = Products;
			sourceTree = "<group>";
		};
		88C9BE581CB705AF0064383A /* Vesstack2.0 */ = {
			isa = PBXGroup;
			children = (
				88C9BE5C1CB705AF0064383A /* AppDelegate.h */,
				88C9BE5D1CB705AF0064383A /* AppDelegate.m */,
				88C9BE5F1CB705AF0064383A /* ViewController.h */,
				88C9BE601CB705AF0064383A /* ViewController.m */,
				88C9BE651CB705AF0064383A /* Assets.xcassets */,
				88C9BE671CB705AF0064383A /* LaunchScreen.storyboard */,
				88C9BE6A1CB705AF0064383A /* Info.plist */,
				88C9BE591CB705AF0064383A /* Supporting Files */,
				88C9BE8C1CB707800064383A /* MainTabBarController.h */,
				88C9BE8D1CB707800064383A /* MainTabBarController.m */,
				88C9BE8F1CB707C40064383A /* FirstViewController.h */,
				88C9BE901CB707C40064383A /* FirstViewController.m */,
				88C9BE921CB707DD0064383A /* SecondViewController.h */,
				88C9BE931CB707DD0064383A /* SecondViewController.m */,
				88C9BE951CB707EF0064383A /* ThirdViewController.h */,
				88C9BE961CB707EF0064383A /* ThirdViewController.m */,
				88C9BE981CB708090064383A /* FourViewController.h */,
				88C9BE991CB708090064383A /* FourViewController.m */,
				88C9BE9B1CB708280064383A /* commentary_num_bg.png */,
				88C9BE9C1CB708280064383A /* tab_home_icon.png */,
				88C9BE9D1CB708280064383A /* js.png */,
				88C9BE9E1CB708280064383A /* qw.png */,
				88C9BE9F1CB708280064383A /* user.png */,
				88C9BEA51CB76D3C0064383A /* LeftMenuViewController.h */,
				88C9BEA61CB76D3C0064383A /* LeftMenuViewController.m */,
				88C9BEA91CB770DB0064383A /* Images.xcassets */,
				88C9BEAF1CB78D4C0064383A /* HomeViewController.h */,
				88C9BEB01CB78D4C0064383A /* HomeViewController.m */,
			);
			path = Vesstack2.0;
			sourceTree = "<group>";
		};
		88C9BE591CB705AF0064383A /* Supporting Files */ = {
			isa = PBXGroup;
			children = (
				88C9BE5A1CB705AF0064383A /* main.m */,
			);
			name = "Supporting Files";
			sourceTree = "<group>";
		};
		88C9BE721CB705AF0064383A /* Vesstack2.0Tests */ = {
			isa = PBXGroup;
			children = (
				88C9BE731CB705AF0064383A /* Vesstack2_0Tests.m */,
				88C9BE751CB705AF0064383A /* Info.plist */,
			);
			path = Vesstack2.0Tests;
			sourceTree = "<group>";
		};
		88C9BE7D1CB705AF0064383A /* Vesstack2.0UITests */ = {
			isa = PBXGroup;
			children = (
				88C9BE7E1CB705AF0064383A /* Vesstack2_0UITests.m */,
				88C9BE801CB705AF0064383A /* Info.plist */,
			);
			path = Vesstack2.0UITests;
			sourceTree = "<group>";
		};
/* End PBXGroup section */

/* Begin PBXNativeTarget section */
		88C9BE551CB705AF0064383A /* Vesstack2.0 */ = {
			isa = PBXNativeTarget;
			buildConfigurationList = 88C9BE831CB705AF0064383A /* Build configuration list for PBXNativeTarget "Vesstack2.0" */;
			buildPhases = (
				88C9BE521CB705AF0064383A /* Sources */,
				88C9BE531CB705AF0064383A /* Frameworks */,
				88C9BE541CB705AF0064383A /* Resources */,
			);
			buildRules = (
			);
			dependencies = (
			);
			name = Vesstack2.0;
			productName = Vesstack2.0;
			productReference = 88C9BE561CB705AF0064383A /* Vesstack2.0.app */;
			productType = "com.apple.product-type.application";
		};
		88C9BE6E1CB705AF0064383A /* Vesstack2.0Tests */ = {
			isa = PBXNativeTarget;
			buildConfigurationList = 88C9BE861CB705AF0064383A /* Build configuration list for PBXNativeTarget "Vesstack2.0Tests" */;
			buildPhases = (
				88C9BE6B1CB705AF0064383A /* Sources */,
				88C9BE6C1CB705AF0064383A /* Frameworks */,
				88C9BE6D1CB705AF0064383A /* Resources */,
			);
			buildRules = (
			);
			dependencies = (
				88C9BE711CB705AF0064383A /* PBXTargetDependency */,
			);
			name = Vesstack2.0Tests;
			productName = Vesstack2.0Tests;
			productReference = 88C9BE6F1CB705AF0064383A /* Vesstack2.0Tests.xctest */;
			productType = "com.apple.product-type.bundle.unit-test";
		};
		88C9BE791CB705AF0064383A /* Vesstack2.0UITests */ = {
			isa = PBXNativeTarget;
			buildConfigurationList = 88C9BE891CB705AF0064383A /* Build configuration list for PBXNativeTarget "Vesstack2.0UITests" */;
			buildPhases = (
				88C9BE761CB705AF0064383A /* Sources */,
				88C9BE771CB705AF0064383A /* Frameworks */,
				88C9BE781CB705AF0064383A /* Resources */,
			);
			buildRules = (
			);
			dependencies = (
				88C9BE7C1CB705AF0064383A /* PBXTargetDependency */,
			);
			name = Vesstack2.0UITests;
			productName = Vesstack2.0UITests;
			productReference = 88C9BE7A1CB705AF0064383A /* Vesstack2.0UITests.xctest */;
			productType = "com.apple.product-type.bundle.ui-testing";
		};
/* End PBXNativeTarget section */

/* Begin PBXProject section */
		88C9BE4E1CB705AF0064383A /* Project object */ = {
			isa = PBXProject;
			attributes = {
				LastUpgradeCheck = 0730;
				ORGANIZATIONNAME = xcl;
				TargetAttributes = {
					88C9BE551CB705AF0064383A = {
						CreatedOnToolsVersion = 7.3;
					};
					88C9BE6E1CB705AF0064383A = {
						CreatedOnToolsVersion = 7.3;
						TestTargetID = 88C9BE551CB705AF0064383A;
					};
					88C9BE791CB705AF0064383A = {
						CreatedOnToolsVersion = 7.3;
						TestTargetID = 88C9BE551CB705AF0064383A;
					};
				};
			};
			buildConfigurationList = 88C9BE511CB705AF0064383A /* Build configuration list for PBXProject "Vesstack2.0" */;
			compatibilityVersion = "Xcode 3.2";
			developmentRegion = English;
			hasScannedForEncodings = 0;
			knownRegions = (
				en,
				Base,
			);
			mainGroup = 88C9BE4D1CB705AF0064383A;
			productRefGroup = 88C9BE571CB705AF0064383A /* Products */;
			projectDirPath = "";
			projectRoot = "";
			targets = (
				88C9BE551CB705AF0064383A /* Vesstack2.0 */,
				88C9BE6E1CB705AF0064383A /* Vesstack2.0Tests */,
				88C9BE791CB705AF0064383A /* Vesstack2.0UITests */,
			);
		};
/* End PBXProject section */

/* Begin PBXResourcesBuildPhase section */
		88C9BE541CB705AF0064383A /* Resources */ = {
			isa = PBXResourcesBuildPhase;
			buildActionMask = 2147483647;
			files = (
				88C9BEAA1CB770DB0064383A /* Images.xcassets in Resources */,
				88C9BE691CB705AF0064383A /* LaunchScreen.storyboard in Resources */,
				88C9BE661CB705AF0064383A /* Assets.xcassets in Resources */,
				88C9BEA41CB708280064383A /* user.png in Resources */,
				88C9BEA11CB708280064383A /* tab_home_icon.png in Resources */,
				88C9BEA01CB708280064383A /* commentary_num_bg.png in Resources */,
				88C9BEA31CB708280064383A /* qw.png in Resources */,
				88C9BEA21CB708280064383A /* js.png in Resources */,
			);
			runOnlyForDeploymentPostprocessing = 0;
		};
		88C9BE6D1CB705AF0064383A /* Resources */ = {
			isa = PBXResourcesBuildPhase;
			buildActionMask = 2147483647;
			files = (
			);
			runOnlyForDeploymentPostprocessing = 0;
		};
		88C9BE781CB705AF0064383A /* Resources */ = {
			isa = PBXResourcesBuildPhase;
			buildActionMask = 2147483647;
			files = (
			);
			runOnlyForDeploymentPostprocessing = 0;
		};
/* End PBXResourcesBuildPhase section */

/* Begin PBXSourcesBuildPhase section */
		88C9BE521CB705AF0064383A /* Sources */ = {
			isa = PBXSourcesBuildPhase;
			buildActionMask = 2147483647;
			files = (
				88C9BE941CB707DD0064383A /* SecondViewController.m in Sources */,
				88C9BE611CB705AF0064383A /* ViewController.m in Sources */,
				88C9BE9A1CB708090064383A /* FourViewController.m in Sources */,
				88C9BEB11CB78D4C0064383A /* HomeViewController.m in Sources */,
				88C9BE5E1CB705AF0064383A /* AppDelegate.m in Sources */,
				88C9BEA71CB76D3C0064383A /* LeftMenuViewController.m in Sources */,
				88C9BE911CB707C40064383A /* FirstViewController.m in Sources */,
				88C9BE8E1CB707800064383A /* MainTabBarController.m in Sources */,
				88C9BE5B1CB705AF0064383A /* main.m in Sources */,
				88C9BE971CB707EF0064383A /* ThirdViewController.m in Sources */,
			);
			runOnlyForDeploymentPostprocessing = 0;
		};
		88C9BE6B1CB705AF0064383A /* Sources */ = {
			isa = PBXSourcesBuildPhase;
			buildActionMask = 2147483647;
			files = (
				88C9BE741CB705AF0064383A /* Vesstack2_0Tests.m in Sources */,
			);
			runOnlyForDeploymentPostprocessing = 0;
		};
		88C9BE761CB705AF0064383A /* Sources */ = {
			isa = PBXSourcesBuildPhase;
			buildActionMask = 2147483647;
			files = (
				88C9BE7F1CB705AF0064383A /* Vesstack2_0UITests.m in Sources */,
			);
			runOnlyForDeploymentPostprocessing = 0;
		};
/* End PBXSourcesBuildPhase section */

/* Begin PBXTargetDependency section */
		88C9BE711CB705AF0064383A /* PBXTargetDependency */ = {
			isa = PBXTargetDependency;
			target = 88C9BE551CB705AF0064383A /* Vesstack2.0 */;
			targetProxy = 88C9BE701CB705AF0064383A /* PBXContainerItemProxy */;
		};
		88C9BE7C1CB705AF0064383A /* PBXTargetDependency */ = {
			isa = PBXTargetDependency;
			target = 88C9BE551CB705AF0064383A /* Vesstack2.0 */;
			targetProxy = 88C9BE7B1CB705AF0064383A /* PBXContainerItemProxy */;
		};
/* End PBXTargetDependency section */

/* Begin PBXVariantGroup section */
		88C9BE671CB705AF0064383A /* LaunchScreen.storyboard */ = {
			isa = PBXVariantGroup;
			children = (
				88C9BE681CB705AF0064383A /* Base */,
			);
			name = LaunchScreen.storyboard;
			sourceTree = "<group>";
		};
/* End PBXVariantGroup section */

/* Begin XCBuildConfiguration section */
		88C9BE811CB705AF0064383A /* Debug */ = {
			isa = XCBuildConfiguration;
			buildSettings = {
				ALWAYS_SEARCH_USER_PATHS = NO;
				CLANG_ANALYZER_NONNULL = YES;
				CLANG_CXX_LANGUAGE_STANDARD = "gnu++0x";
				CLANG_CXX_LIBRARY = "libc++";
				CLANG_ENABLE_MODULES = YES;
				CLANG_ENABLE_OBJC_ARC = YES;
				CLANG_WARN_BOOL_CONVERSION = YES;
				CLANG_WARN_CONSTANT_CONVERSION = YES;
				CLANG_WARN_DIRECT_OBJC_ISA_USAGE = YES_ERROR;
				CLANG_WARN_EMPTY_BODY = YES;
				CLANG_WARN_ENUM_CONVERSION = YES;
				CLANG_WARN_INT_CONVERSION = YES;
				CLANG_WARN_OBJC_ROOT_CLASS = YES_ERROR;
				CLANG_WARN_UNREACHABLE_CODE = YES;
				CLANG_WARN__DUPLICATE_METHOD_MATCH = YES;
				"CODE_SIGN_IDENTITY[sdk=iphoneos*]" = "iPhone Developer";
				COPY_PHASE_STRIP = NO;
				DEBUG_INFORMATION_FORMAT = dwarf;
				ENABLE_STRICT_OBJC_MSGSEND = YES;
				ENABLE_TESTABILITY = YES;
				GCC_C_LANGUAGE_STANDARD = gnu99;
				GCC_DYNAMIC_NO_PIC = NO;
				GCC_NO_COMMON_BLOCKS = YES;
				GCC_OPTIMIZATION_LEVEL = 0;
				GCC_PREPROCESSOR_DEFINITIONS = (
					"DEBUG=1",
					"$(inherited)",
				);
				GCC_WARN_64_TO_32_BIT_CONVERSION = YES;
				GCC_WARN_ABOUT_RETURN_TYPE = YES_ERROR;
				GCC_WARN_UNDECLARED_SELECTOR = YES;
				GCC_WARN_UNINITIALIZED_AUTOS = YES_AGGRESSIVE;
				GCC_WARN_UNUSED_FUNCTION = YES;
				GCC_WARN_UNUSED_VARIABLE = YES;
				IPHONEOS_DEPLOYMENT_TARGET = 9.3;
				MTL_ENABLE_DEBUG_INFO = YES;
				ONLY_ACTIVE_ARCH = YES;
				SDKROOT = iphoneos;
			};
			name = Debug;
		};
		88C9BE821CB705AF0064383A /* Release */ = {
			isa = XCBuildConfiguration;
			buildSettings = {
				ALWAYS_SEARCH_USER_PATHS = NO;
				CLANG_ANALYZER_NONNULL = YES;
				CLANG_CXX_LANGUAGE_STANDARD = "gnu++0x";
				CLANG_CXX_LIBRARY = "libc++";
				CLANG_ENABLE_MODULES = YES;
				CLANG_ENABLE_OBJC_ARC = YES;
				CLANG_WARN_BOOL_CONVERSION = YES;
				CLANG_WARN_CONSTANT_CONVERSION = YES;
				CLANG_WARN_DIRECT_OBJC_ISA_USAGE = YES_ERROR;
				CLANG_WARN_EMPTY_BODY = YES;
				CLANG_WARN_ENUM_CONVERSION = YES;
				CLANG_WARN_INT_CONVERSION = YES;
				CLANG_WARN_OBJC_ROOT_CLASS = YES_ERROR;
				CLANG_WARN_UNREACHABLE_CODE = YES;
				CLANG_WARN__DUPLICATE_METHOD_MATCH = YES;
				"CODE_SIGN_IDENTITY[sdk=iphoneos*]" = "iPhone Developer";
				COPY_PHASE_STRIP = NO;
				DEBUG_INFORMATION_FORMAT = "dwarf-with-dsym";
				ENABLE_NS_ASSERTIONS = NO;
				ENABLE_STRICT_OBJC_MSGSEND = YES;
				GCC_C_LANGUAGE_STANDARD = gnu99;
				GCC_NO_COMMON_BLOCKS = YES;
				GCC_WARN_64_TO_32_BIT_CONVERSION = YES;
				GCC_WARN_ABOUT_RETURN_TYPE = YES_ERROR;
				GCC_WARN_UNDECLARED_SELECTOR = YES;
				GCC_WARN_UNINITIALIZED_AUTOS = YES_AGGRESSIVE;
				GCC_WARN_UNUSED_FUNCTION = YES;
				GCC_WARN_UNUSED_VARIABLE = YES;
				IPHONEOS_DEPLOYMENT_TARGET = 9.3;
				MTL_ENABLE_DEBUG_INFO = NO;
				SDKROOT = iphoneos;
				VALIDATE_PRODUCT = YES;
			};
			name = Release;
		};
		88C9BE841CB705AF0064383A /* Debug */ = {
			isa = XCBuildConfiguration;
			buildSettings = {
				ASSETCATALOG_COMPILER_APPICON_NAME = AppIcon;
				INFOPLIST_FILE = Vesstack2.0/Info.plist;
				LD_RUNPATH_SEARCH_PATHS = "$(inherited) @executable_path/Frameworks";
				PRODUCT_BUNDLE_IDENTIFIER = "xcl.Vesstack2-0";
				PRODUCT_NAME = "$(TARGET_NAME)";
			};
			name = Debug;
		};
		88C9BE851CB705AF0064383A /* Release */ = {
			isa = XCBuildConfiguration;
			buildSettings = {
				ASSETCATALOG_COMPILER_APPICON_NAME = AppIcon;
				INFOPLIST_FILE = Vesstack2.0/Info.plist;
				LD_RUNPATH_SEARCH_PATHS = "$(inherited) @executable_path/Frameworks";
				PRODUCT_BUNDLE_IDENTIFIER = "xcl.Vesstack2-0";
				PRODUCT_NAME = "$(TARGET_NAME)";
			};
			name = Release;
		};
		88C9BE871CB705AF0064383A /* Debug */ = {
			isa = XCBuildConfiguration;
			buildSettings = {
				BUNDLE_LOADER = "$(TEST_HOST)";
				INFOPLIST_FILE = Vesstack2.0Tests/Info.plist;
				LD_RUNPATH_SEARCH_PATHS = "$(inherited) @executable_path/Frameworks @loader_path/Frameworks";
				PRODUCT_BUNDLE_IDENTIFIER = "xcl.Vesstack2-0Tests";
				PRODUCT_NAME = "$(TARGET_NAME)";
				TEST_HOST = "$(BUILT_PRODUCTS_DIR)/Vesstack2.0.app/Vesstack2.0";
			};
			name = Debug;
		};
		88C9BE881CB705AF0064383A /* Release */ = {
			isa = XCBuildConfiguration;
			buildSettings = {
				BUNDLE_LOADER = "$(TEST_HOST)";
				INFOPLIST_FILE = Vesstack2.0Tests/Info.plist;
				LD_RUNPATH_SEARCH_PATHS = "$(inherited) @executable_path/Frameworks @loader_path/Frameworks";
				PRODUCT_BUNDLE_IDENTIFIER = "xcl.Vesstack2-0Tests";
				PRODUCT_NAME = "$(TARGET_NAME)";
				TEST_HOST = "$(BUILT_PRODUCTS_DIR)/Vesstack2.0.app/Vesstack2.0";
			};
			name = Release;
		};
		88C9BE8A1CB705AF0064383A /* Debug */ = {
			isa = XCBuildConfiguration;
			buildSettings = {
				INFOPLIST_FILE = Vesstack2.0UITests/Info.plist;
				LD_RUNPATH_SEARCH_PATHS = "$(inherited) @executable_path/Frameworks @loader_path/Frameworks";
				PRODUCT_BUNDLE_IDENTIFIER = "xcl.Vesstack2-0UITests";
				PRODUCT_NAME = "$(TARGET_NAME)";
				TEST_TARGET_NAME = Vesstack2.0;
			};
			name = Debug;
		};
		88C9BE8B1CB705AF0064383A /* Release */ = {
			isa = XCBuildConfiguration;
			buildSettings = {
				INFOPLIST_FILE = Vesstack2.0UITests/Info.plist;
				LD_RUNPATH_SEARCH_PATHS = "$(inherited) @executable_path/Frameworks @loader_path/Frameworks";
				PRODUCT_BUNDLE_IDENTIFIER = "xcl.Vesstack2-0UITests";
				PRODUCT_NAME = "$(TARGET_NAME)";
				TEST_TARGET_NAME = Vesstack2.0;
			};
			name = Release;
		};
/* End XCBuildConfiguration section */

/* Begin XCConfigurationList section */
		88C9BE511CB705AF0064383A /* Build configuration list for PBXProject "Vesstack2.0" */ = {
			isa = XCConfigurationList;
			buildConfigurations = (
				88C9BE811CB705AF0064383A /* Debug */,
				88C9BE821CB705AF0064383A /* Release */,
			);
			defaultConfigurationIsVisible = 0;
			defaultConfigurationName = Release;
		};
		88C9BE831CB705AF0064383A /* Build configuration list for PBXNativeTarget "Vesstack2.0" */ = {
			isa = XCConfigurationList;
			buildConfigurations = (
				88C9BE841CB705AF0064383A /* Debug */,
				88C9BE851CB705AF0064383A /* Release */,
			);
			defaultConfigurationIsVisible = 0;
			defaultConfigurationName = Release;
		};
		88C9BE861CB705AF0064383A /* Build configuration list for PBXNativeTarget "Vesstack2.0Tests" */ = {
			isa = XCConfigurationList;
			buildConfigurations = (
				88C9BE871CB705AF0064383A /* Debug */,
				88C9BE881CB705AF0064383A /* Release */,
			);
			defaultConfigurationIsVisible = 0;
			defaultConfigurationName = Release;
		};
		88C9BE891CB705AF0064383A /* Build configuration list for PBXNativeTarget "Vesstack2.0UITests" */ = {
			isa = XCConfigurationList;
			buildConfigurations = (
				88C9BE8A1CB705AF0064383A /* Debug */,
				88C9BE8B1CB705AF0064383A /* Release */,
			);
			defaultConfigurationIsVisible = 0;
			defaultConfigurationName = Release;
		};
/* End XCConfigurationList section */
	};
	rootObject = 88C9BE4E1CB705AF0064383A /* Project object */;
}
